
Microsoft Visual Studio Solution File, Format Version 12.00
# Visual Studio Version 17
VisualStudioVersion = 17.0.31611.283
MinimumVisualStudioVersion = 10.0.40219.1
Project("{9A19103F-16F7-4668-BE54-9A1E7A4F7556}") = "TubePlayer", "TubePlayer\TubePlayer.csproj", "{5DFD3BFC-A065-4488-AD4B-08A48CBAF96D}"
EndProject
Project("{FAE04EC0-301F-11D3-BF4B-00C04F79EFBC}") = "Maui.Apps.Framework", "Maui.Apps.Framework\Maui.Apps.Framework.csproj", "{E5CE41CF-BF1A-41B3-8BDA-868783BBB6F4}"
EndProject
Global
	GlobalSection(SolutionConfigurationPlatforms) = preSolution
		Debug|Any CPU = Debug|Any CPU
		Release|Any CPU = Release|Any CPU
	EndGlobalSection
	GlobalSection(ProjectConfigurationPlatforms) = postSolution
		{5DFD3BFC-A065-4488-AD4B-08A48CBAF96D}.Debug|Any CPU.ActiveCfg = Debug|Any CPU
		{5DFD3BFC-A065-4488-AD4B-08A48CBAF96D}.Debug|Any CPU.Build.0 = Debug|Any CPU
		{5DFD3BFC-A065-4488-AD4B-08A48CBAF96D}.Debug|Any CPU.Deploy.0 = Debug|Any CPU
		{5DFD3BFC-A065-4488-AD4B-08A48CBAF96D}.Release|Any CPU.ActiveCfg = Release|Any CPU
		{5DFD3BFC-A065-4488-AD4B-08A48CBAF96D}.Release|Any CPU.Build.0 = Release|Any CPU
		{5DFD3BFC-A065-4488-AD4B-08A48CBAF96D}.Release|Any CPU.Deploy.0 = Release|Any CPU
		{E5CE41CF-BF1A-41B3-8BDA-868783BBB6F4}.Debug|Any CPU.ActiveCfg = Debug|Any CPU
		{E5CE41CF-BF1A-41B3-8BDA-868783BBB6F4}.Debug|Any CPU.Build.0 = Debug|Any CPU
		{E5CE41CF-BF1A-41B3-8BDA-868783BBB6F4}.Release|Any CPU.ActiveCfg = Release|Any CPU
		{E5CE41CF-BF1A-41B3-8BDA-868783BBB6F4}.Release|Any CPU.Build.0 = Release|Any CPU
	EndGlobalSection
	GlobalSection(SolutionProperties) = preSolution
		HideSolutionNode = FALSE
	EndGlobalSection
	GlobalSection(ExtensibilityGlobals) = postSolution
		SolutionGuid = {61F7FB11-1E47-470C-91E2-47F8143E1572}
	EndGlobalSection
EndGlobal
